
Microsoft Visual Studio Solution File, Format Version 12.00
# Visual Studio Version 17
VisualStudioVersion = 17.13.35825.156 d17.13
MinimumVisualStudioVersion = 10.0.40219.1
Project("{888888A0-9F3D-457C-B088-3A5042F75D52}") = "problem3", "problem3.pyproj", "{90D2E9C2-4CB4-40D1-9CF8-029A58A15EFF}"
EndProject
Global
	GlobalSection(SolutionConfigurationPlatforms) = preSolution
		Debug|Any CPU = Debug|Any CPU
		Release|Any CPU = Release|Any CPU
	EndGlobalSection
	GlobalSection(ProjectConfigurationPlatforms) = postSolution
		{90D2E9C2-4CB4-40D1-9CF8-029A58A15EFF}.Debug|Any CPU.ActiveCfg = Debug|Any CPU
		{90D2E9C2-4CB4-40D1-9CF8-029A58A15EFF}.Release|Any CPU.ActiveCfg = Release|Any CPU
	EndGlobalSection
	GlobalSection(SolutionProperties) = preSolution
		HideSolutionNode = FALSE
	EndGlobalSection
	GlobalSection(ExtensibilityGlobals) = postSolution
		SolutionGuid = {AEE5EEEF-2EA3-4B62-80C9-EF3A16E165D6}
	EndGlobalSection
EndGlobal
